
Microsoft Visual Studio Solution File, Format Version 12.00
Project("{FAE04EC0-301F-11D3-BF4B-00C04F79EFBC}") = "Sacard PE", "Sacard PE\Sacard PE.csproj", "{11A37072-01E9-4D6B-831F-EF4FECAFB28E}"
EndProject
Project("{FAE04EC0-301F-11D3-BF4B-00C04F79EFBC}") = "Sacard Drawer", "Sacard Drawer\Sacard Drawer.csproj", "{004B950C-9971-46A0-8360-68B544C1A13F}"
EndProject
Project("{FAE04EC0-301F-11D3-BF4B-00C04F79EFBC}") = "Program", "Program\Program.csproj", "{3A350379-94D6-4081-8F56-C2878D0B1572}"
EndProject
Global
	GlobalSection(SolutionConfigurationPlatforms) = preSolution
		Debug|Any CPU = Debug|Any CPU
		Release|Any CPU = Release|Any CPU
	EndGlobalSection
	GlobalSection(ProjectConfigurationPlatforms) = postSolution
		{11A37072-01E9-4D6B-831F-EF4FECAFB28E}.Debug|Any CPU.ActiveCfg = Debug|Any CPU
		{11A37072-01E9-4D6B-831F-EF4FECAFB28E}.Debug|Any CPU.Build.0 = Debug|Any CPU
		{11A37072-01E9-4D6B-831F-EF4FECAFB28E}.Release|Any CPU.ActiveCfg = Release|Any CPU
		{11A37072-01E9-4D6B-831F-EF4FECAFB28E}.Release|Any CPU.Build.0 = Release|Any CPU
		{004B950C-9971-46A0-8360-68B544C1A13F}.Debug|Any CPU.ActiveCfg = Debug|Any CPU
		{004B950C-9971-46A0-8360-68B544C1A13F}.Debug|Any CPU.Build.0 = Debug|Any CPU
		{004B950C-9971-46A0-8360-68B544C1A13F}.Release|Any CPU.ActiveCfg = Release|Any CPU
		{004B950C-9971-46A0-8360-68B544C1A13F}.Release|Any CPU.Build.0 = Release|Any CPU
		{3A350379-94D6-4081-8F56-C2878D0B1572}.Debug|Any CPU.ActiveCfg = Debug|Any CPU
		{3A350379-94D6-4081-8F56-C2878D0B1572}.Debug|Any CPU.Build.0 = Debug|Any CPU
		{3A350379-94D6-4081-8F56-C2878D0B1572}.Release|Any CPU.ActiveCfg = Release|Any CPU
		{3A350379-94D6-4081-8F56-C2878D0B1572}.Release|Any CPU.Build.0 = Release|Any CPU
	EndGlobalSection
EndGlobal
